
Microsoft Visual Studio Solution File, Format Version 12.00
# Visual Studio 15
VisualStudioVersion = 15.0.26730.16
MinimumVisualStudioVersion = 10.0.40219.1
Project("{FAE04EC0-301F-11D3-BF4B-00C04F79EFBC}") = "CTA_Analyzer", "CTA_Analyzer\CTA_Analyzer.csproj", "{F8AFC93D-E4AF-4AFF-BA76-0BF2465625E2}"
EndProject
Global
	GlobalSection(SolutionConfigurationPlatforms) = preSolution
		Debug|Any CPU = Debug|Any CPU
		Release|Any CPU = Release|Any CPU
	EndGlobalSection
	GlobalSection(ProjectConfigurationPlatforms) = postSolution
		{F8AFC93D-E4AF-4AFF-BA76-0BF2465625E2}.Debug|Any CPU.ActiveCfg = Debug|Any CPU
		{F8AFC93D-E4AF-4AFF-BA76-0BF2465625E2}.Debug|Any CPU.Build.0 = Debug|Any CPU
		{F8AFC93D-E4AF-4AFF-BA76-0BF2465625E2}.Release|Any CPU.ActiveCfg = Release|Any CPU
		{F8AFC93D-E4AF-4AFF-BA76-0BF2465625E2}.Release|Any CPU.Build.0 = Release|Any CPU
	EndGlobalSection
	GlobalSection(SolutionProperties) = preSolution
		HideSolutionNode = FALSE
	EndGlobalSection
	GlobalSection(ExtensibilityGlobals) = postSolution
		SolutionGuid = {9F3CF3D1-1A02-41C0-BE95-B2D3753C18BB}
	EndGlobalSection
EndGlobal
